
Microsoft Visual Studio Solution File, Format Version 12.00
# Visual Studio Version 17
VisualStudioVersion = 17.7.34024.191
MinimumVisualStudioVersion = 10.0.40219.1
Project("{FAE04EC0-301F-11D3-BF4B-00C04F79EFBC}") = "Learn001", "Learn001.csproj", "{B4167237-676D-455E-A318-C6323D0C9807}"
EndProject
Global
	GlobalSection(SolutionConfigurationPlatforms) = preSolution
		Debug|Any CPU = Debug|Any CPU
		Release|Any CPU = Release|Any CPU
	EndGlobalSection
	GlobalSection(ProjectConfigurationPlatforms) = postSolution
		{B4167237-676D-455E-A318-C6323D0C9807}.Debug|Any CPU.ActiveCfg = Debug|Any CPU
		{B4167237-676D-455E-A318-C6323D0C9807}.Debug|Any CPU.Build.0 = Debug|Any CPU
		{B4167237-676D-455E-A318-C6323D0C9807}.Release|Any CPU.ActiveCfg = Release|Any CPU
		{B4167237-676D-455E-A318-C6323D0C9807}.Release|Any CPU.Build.0 = Release|Any CPU
	EndGlobalSection
	GlobalSection(SolutionProperties) = preSolution
		HideSolutionNode = FALSE
	EndGlobalSection
	GlobalSection(ExtensibilityGlobals) = postSolution
		SolutionGuid = {69F18319-4821-4212-A6A3-13E521AC3B24}
	EndGlobalSection
EndGlobal
